
Microsoft Visual Studio Solution File, Format Version 12.00
# Visual Studio 2013
VisualStudioVersion = 12.0.40629.0
MinimumVisualStudioVersion = 10.0.40219.1
Project("{FAE04EC0-301F-11D3-BF4B-00C04F79EFBC}") = "Commands.RemoteApp", "Commands.RemoteApp.csproj", "{C52464D6-3EA7-4B48-B083-31B5E452E951}"
EndProject
Project("{FAE04EC0-301F-11D3-BF4B-00C04F79EFBC}") = "Commands.Common", "..\..\..\Common\Commands.Common\Commands.Common.csproj", "{5EE72C53-1720-4309-B54B-5FB79703195F}"
EndProject
Project("{FAE04EC0-301F-11D3-BF4B-00C04F79EFBC}") = "Commands.ResourceManager.Common", "..\..\Common\Commands.ResourceManager.Common\Commands.ResourceManager.Common.csproj", "{3819D8A7-C62C-4C47-8DDD-0332D9CE1252}"
EndProject
Global
	GlobalSection(SolutionConfigurationPlatforms) = preSolution
		Debug|Any CPU = Debug|Any CPU
		Release|Any CPU = Release|Any CPU
	EndGlobalSection
	GlobalSection(ProjectConfigurationPlatforms) = postSolution
		{C52464D6-3EA7-4B48-B083-31B5E452E951}.Debug|Any CPU.ActiveCfg = Debug|Any CPU
		{C52464D6-3EA7-4B48-B083-31B5E452E951}.Debug|Any CPU.Build.0 = Debug|Any CPU
		{C52464D6-3EA7-4B48-B083-31B5E452E951}.Release|Any CPU.ActiveCfg = Release|Any CPU
		{C52464D6-3EA7-4B48-B083-31B5E452E951}.Release|Any CPU.Build.0 = Release|Any CPU
		{5EE72C53-1720-4309-B54B-5FB79703195F}.Debug|Any CPU.ActiveCfg = Debug|Any CPU
		{5EE72C53-1720-4309-B54B-5FB79703195F}.Debug|Any CPU.Build.0 = Debug|Any CPU
		{5EE72C53-1720-4309-B54B-5FB79703195F}.Release|Any CPU.ActiveCfg = Release|Any CPU
		{5EE72C53-1720-4309-B54B-5FB79703195F}.Release|Any CPU.Build.0 = Release|Any CPU
		{3819D8A7-C62C-4C47-8DDD-0332D9CE1252}.Debug|Any CPU.ActiveCfg = Debug|Any CPU
		{3819D8A7-C62C-4C47-8DDD-0332D9CE1252}.Debug|Any CPU.Build.0 = Debug|Any CPU
		{3819D8A7-C62C-4C47-8DDD-0332D9CE1252}.Release|Any CPU.ActiveCfg = Release|Any CPU
		{3819D8A7-C62C-4C47-8DDD-0332D9CE1252}.Release|Any CPU.Build.0 = Release|Any CPU
	EndGlobalSection
	GlobalSection(SolutionProperties) = preSolution
		HideSolutionNode = FALSE
	EndGlobalSection
EndGlobal
